PODS:
  - SnapKit (5.6.0)
  - XThunder (0.1.2):
    - SnapKit

DEPENDENCIES:
  - XThunder (from `../`)

SPEC REPOS:
  trunk:
    - SnapKit

EXTERNAL SOURCES:
  XThunder:
    :path: "../"

SPEC CHECKSUMS:
  SnapKit: e01d52ebb8ddbc333eefe2132acf85c8227d9c25
  XThunder: b4f6dd588fd2250ebc916200381cd3db1f702a9c

PODFILE CHECKSUM: 2d443d8732f6efc62f15ad65df37de61833da351

COCOAPODS: 1.15.2
